
Microsoft Visual Studio Solution File, Format Version 12.00
# Visual Studio Version 17
VisualStudioVersion = 17.0.31903.59
MinimumVisualStudioVersion = 10.0.40219.1
Project("{2150E333-8FDC-42A3-9474-1A3956D46DE8}") = "01.APIs", "01.APIs", "{368D0BB6-1D8A-4D53-BC9C-984357E99AE9}"
EndProject
Project("{FAE04EC0-301F-11D3-BF4B-00C04F79EFBC}") = "Ch02.Aho.CityInfo.API", "Ch02.Aho.CityInfo.API\Ch02.Aho.CityInfo.API.csproj", "{AC2094C9-BF0A-4CAB-A199-BE08A45C80D5}"
EndProject
Project("{FAE04EC0-301F-11D3-BF4B-00C04F79EFBC}") = "Ch03.Aho.CityInfo.API", "Ch03.Aho.CityInfo.API\Ch03.Aho.CityInfo.API.csproj", "{AA9F5B22-91A4-40F4-8159-4169AFB96F81}"
EndProject
Project("{FAE04EC0-301F-11D3-BF4B-00C04F79EFBC}") = "Ch06.Aho.CityInfo.API", "Ch06.Aho.CityInfo.API\Ch06.Aho.CityInfo.API.csproj", "{5A6F049E-C340-46E5-9977-B18D5C60D213}"
EndProject
Global
	GlobalSection(SolutionConfigurationPlatforms) = preSolution
		Debug|Any CPU = Debug|Any CPU
		Release|Any CPU = Release|Any CPU
	EndGlobalSection
	GlobalSection(SolutionProperties) = preSolution
		HideSolutionNode = FALSE
	EndGlobalSection
	GlobalSection(ProjectConfigurationPlatforms) = postSolution
		{AC2094C9-BF0A-4CAB-A199-BE08A45C80D5}.Debug|Any CPU.ActiveCfg = Debug|Any CPU
		{AC2094C9-BF0A-4CAB-A199-BE08A45C80D5}.Debug|Any CPU.Build.0 = Debug|Any CPU
		{AC2094C9-BF0A-4CAB-A199-BE08A45C80D5}.Release|Any CPU.ActiveCfg = Release|Any CPU
		{AC2094C9-BF0A-4CAB-A199-BE08A45C80D5}.Release|Any CPU.Build.0 = Release|Any CPU
		{AA9F5B22-91A4-40F4-8159-4169AFB96F81}.Debug|Any CPU.ActiveCfg = Debug|Any CPU
		{AA9F5B22-91A4-40F4-8159-4169AFB96F81}.Debug|Any CPU.Build.0 = Debug|Any CPU
		{AA9F5B22-91A4-40F4-8159-4169AFB96F81}.Release|Any CPU.ActiveCfg = Release|Any CPU
		{AA9F5B22-91A4-40F4-8159-4169AFB96F81}.Release|Any CPU.Build.0 = Release|Any CPU
		{5A6F049E-C340-46E5-9977-B18D5C60D213}.Debug|Any CPU.ActiveCfg = Debug|Any CPU
		{5A6F049E-C340-46E5-9977-B18D5C60D213}.Debug|Any CPU.Build.0 = Debug|Any CPU
		{5A6F049E-C340-46E5-9977-B18D5C60D213}.Release|Any CPU.ActiveCfg = Release|Any CPU
		{5A6F049E-C340-46E5-9977-B18D5C60D213}.Release|Any CPU.Build.0 = Release|Any CPU
	EndGlobalSection
	GlobalSection(NestedProjects) = preSolution
		{AC2094C9-BF0A-4CAB-A199-BE08A45C80D5} = {368D0BB6-1D8A-4D53-BC9C-984357E99AE9}
		{AA9F5B22-91A4-40F4-8159-4169AFB96F81} = {368D0BB6-1D8A-4D53-BC9C-984357E99AE9}
		{5A6F049E-C340-46E5-9977-B18D5C60D213} = {368D0BB6-1D8A-4D53-BC9C-984357E99AE9}
	EndGlobalSection
EndGlobal
